
Microsoft Visual Studio Solution File, Format Version 12.00
# Visual Studio Version 17
VisualStudioVersion = 17.13.35919.96 d17.13
MinimumVisualStudioVersion = 10.0.40219.1
Project("{FAE04EC0-301F-11D3-BF4B-00C04F79EFBC}") = "BooksAppWeb", "BooksAppWeb\BooksAppWeb.csproj", "{B19B640F-828E-43B7-8416-570A2A300CAA}"
EndProject
Global
	GlobalSection(SolutionConfigurationPlatforms) = preSolution
		Debug|Any CPU = Debug|Any CPU
		Release|Any CPU = Release|Any CPU
	EndGlobalSection
	GlobalSection(ProjectConfigurationPlatforms) = postSolution
		{B19B640F-828E-43B7-8416-570A2A300CAA}.Debug|Any CPU.ActiveCfg = Debug|Any CPU
		{B19B640F-828E-43B7-8416-570A2A300CAA}.Debug|Any CPU.Build.0 = Debug|Any CPU
		{B19B640F-828E-43B7-8416-570A2A300CAA}.Release|Any CPU.ActiveCfg = Release|Any CPU
		{B19B640F-828E-43B7-8416-570A2A300CAA}.Release|Any CPU.Build.0 = Release|Any CPU
	EndGlobalSection
	GlobalSection(SolutionProperties) = preSolution
		HideSolutionNode = FALSE
	EndGlobalSection
	GlobalSection(ExtensibilityGlobals) = postSolution
		SolutionGuid = {0953DE9F-6927-401B-8F94-D07B14263934}
	EndGlobalSection
EndGlobal
