
Microsoft Visual Studio Solution File, Format Version 12.00
# Visual Studio Version 17
VisualStudioVersion = 17.13.35919.96
MinimumVisualStudioVersion = 10.0.40219.1
Project("{FAE04EC0-301F-11D3-BF4B-00C04F79EFBC}") = "BookStoreWeb", "BooksAppWeb\BookStoreWeb.csproj", "{B19B640F-828E-43B7-8416-570A2A300CAA}"
EndProject
Project("{FAE04EC0-301F-11D3-BF4B-00C04F79EFBC}") = "BookStore.DataAccess", "BooksApp.DataAccess\BookStore.DataAccess.csproj", "{9827AD44-AADB-4657-BC0B-1F794106E4D0}"
EndProject
Project("{FAE04EC0-301F-11D3-BF4B-00C04F79EFBC}") = "BookStore.Models", "BooksApp.Models\BookStore.Models.csproj", "{35D17D8D-2492-41DC-A0A1-E6445DB0AF0C}"
EndProject
Project("{FAE04EC0-301F-11D3-BF4B-00C04F79EFBC}") = "BookStore.Utility", "BooksApp.Utility\BookStore.Utility.csproj", "{78AC2B18-C18A-4E54-A265-62123FDE62CF}"
EndProject
Global
	GlobalSection(SolutionConfigurationPlatforms) = preSolution
		Debug|Any CPU = Debug|Any CPU
		Release|Any CPU = Release|Any CPU
	EndGlobalSection
	GlobalSection(ProjectConfigurationPlatforms) = postSolution
		{B19B640F-828E-43B7-8416-570A2A300CAA}.Debug|Any CPU.ActiveCfg = Debug|Any CPU
		{B19B640F-828E-43B7-8416-570A2A300CAA}.Debug|Any CPU.Build.0 = Debug|Any CPU
		{B19B640F-828E-43B7-8416-570A2A300CAA}.Release|Any CPU.ActiveCfg = Release|Any CPU
		{B19B640F-828E-43B7-8416-570A2A300CAA}.Release|Any CPU.Build.0 = Release|Any CPU
		{9827AD44-AADB-4657-BC0B-1F794106E4D0}.Debug|Any CPU.ActiveCfg = Debug|Any CPU
		{9827AD44-AADB-4657-BC0B-1F794106E4D0}.Debug|Any CPU.Build.0 = Debug|Any CPU
		{9827AD44-AADB-4657-BC0B-1F794106E4D0}.Release|Any CPU.ActiveCfg = Release|Any CPU
		{9827AD44-AADB-4657-BC0B-1F794106E4D0}.Release|Any CPU.Build.0 = Release|Any CPU
		{35D17D8D-2492-41DC-A0A1-E6445DB0AF0C}.Debug|Any CPU.ActiveCfg = Debug|Any CPU
		{35D17D8D-2492-41DC-A0A1-E6445DB0AF0C}.Debug|Any CPU.Build.0 = Debug|Any CPU
		{35D17D8D-2492-41DC-A0A1-E6445DB0AF0C}.Release|Any CPU.ActiveCfg = Release|Any CPU
		{35D17D8D-2492-41DC-A0A1-E6445DB0AF0C}.Release|Any CPU.Build.0 = Release|Any CPU
		{78AC2B18-C18A-4E54-A265-62123FDE62CF}.Debug|Any CPU.ActiveCfg = Debug|Any CPU
		{78AC2B18-C18A-4E54-A265-62123FDE62CF}.Debug|Any CPU.Build.0 = Debug|Any CPU
		{78AC2B18-C18A-4E54-A265-62123FDE62CF}.Release|Any CPU.ActiveCfg = Release|Any CPU
		{78AC2B18-C18A-4E54-A265-62123FDE62CF}.Release|Any CPU.Build.0 = Release|Any CPU
	EndGlobalSection
	GlobalSection(SolutionProperties) = preSolution
		HideSolutionNode = FALSE
	EndGlobalSection
	GlobalSection(ExtensibilityGlobals) = postSolution
		SolutionGuid = {0953DE9F-6927-401B-8F94-D07B14263934}
	EndGlobalSection
EndGlobal
