
Microsoft Visual Studio Solution File, Format Version 12.00
# Visual Studio Version 17
VisualStudioVersion = 17.13.35919.96
MinimumVisualStudioVersion = 10.0.40219.1
Project("{FAE04EC0-301F-11D3-BF4B-00C04F79EFBC}") = "BookStore.DataAccess", "BookStore.DataAccess\BookStore.DataAccess.csproj", "{917EAAF5-0A23-A23D-2261-E59CD3B33C11}"
EndProject
Project("{FAE04EC0-301F-11D3-BF4B-00C04F79EFBC}") = "BookStore.Models", "BookStore.Models\BookStore.Models.csproj", "{96AAC803-D06E-B6F1-CB77-85FC2693D284}"
EndProject
Project("{FAE04EC0-301F-11D3-BF4B-00C04F79EFBC}") = "BookStore.Utility", "BookStore.Utility\BookStore.Utility.csproj", "{94F47DEB-C883-D62B-3A93-30E0E7A9A3C7}"
EndProject
Project("{FAE04EC0-301F-11D3-BF4B-00C04F79EFBC}") = "BookStoreWeb", "BookStoreWeb\BookStoreWeb.csproj", "{33456C4F-AA3E-4268-5FC5-6E6F770CAE75}"
EndProject
Project("{FAE04EC0-301F-11D3-BF4B-00C04F79EFBC}") = "BookStoreWebRazor_Temp", "BookStoreWebRazor_Temp\BookStoreWebRazor_Temp.csproj", "{494AB8D6-8832-9673-4861-640897196EAA}"
EndProject
Global
	GlobalSection(SolutionConfigurationPlatforms) = preSolution
		Debug|Any CPU = Debug|Any CPU
		Release|Any CPU = Release|Any CPU
	EndGlobalSection
	GlobalSection(ProjectConfigurationPlatforms) = postSolution
		{917EAAF5-0A23-A23D-2261-E59CD3B33C11}.Debug|Any CPU.ActiveCfg = Debug|Any CPU
		{917EAAF5-0A23-A23D-2261-E59CD3B33C11}.Debug|Any CPU.Build.0 = Debug|Any CPU
		{917EAAF5-0A23-A23D-2261-E59CD3B33C11}.Release|Any CPU.ActiveCfg = Release|Any CPU
		{917EAAF5-0A23-A23D-2261-E59CD3B33C11}.Release|Any CPU.Build.0 = Release|Any CPU
		{96AAC803-D06E-B6F1-CB77-85FC2693D284}.Debug|Any CPU.ActiveCfg = Debug|Any CPU
		{96AAC803-D06E-B6F1-CB77-85FC2693D284}.Debug|Any CPU.Build.0 = Debug|Any CPU
		{96AAC803-D06E-B6F1-CB77-85FC2693D284}.Release|Any CPU.ActiveCfg = Release|Any CPU
		{96AAC803-D06E-B6F1-CB77-85FC2693D284}.Release|Any CPU.Build.0 = Release|Any CPU
		{94F47DEB-C883-D62B-3A93-30E0E7A9A3C7}.Debug|Any CPU.ActiveCfg = Debug|Any CPU
		{94F47DEB-C883-D62B-3A93-30E0E7A9A3C7}.Debug|Any CPU.Build.0 = Debug|Any CPU
		{94F47DEB-C883-D62B-3A93-30E0E7A9A3C7}.Release|Any CPU.ActiveCfg = Release|Any CPU
		{94F47DEB-C883-D62B-3A93-30E0E7A9A3C7}.Release|Any CPU.Build.0 = Release|Any CPU
		{33456C4F-AA3E-4268-5FC5-6E6F770CAE75}.Debug|Any CPU.ActiveCfg = Debug|Any CPU
		{33456C4F-AA3E-4268-5FC5-6E6F770CAE75}.Debug|Any CPU.Build.0 = Debug|Any CPU
		{33456C4F-AA3E-4268-5FC5-6E6F770CAE75}.Release|Any CPU.ActiveCfg = Release|Any CPU
		{33456C4F-AA3E-4268-5FC5-6E6F770CAE75}.Release|Any CPU.Build.0 = Release|Any CPU
		{494AB8D6-8832-9673-4861-640897196EAA}.Debug|Any CPU.ActiveCfg = Debug|Any CPU
		{494AB8D6-8832-9673-4861-640897196EAA}.Debug|Any CPU.Build.0 = Debug|Any CPU
		{494AB8D6-8832-9673-4861-640897196EAA}.Release|Any CPU.ActiveCfg = Release|Any CPU
		{494AB8D6-8832-9673-4861-640897196EAA}.Release|Any CPU.Build.0 = Release|Any CPU
	EndGlobalSection
	GlobalSection(SolutionProperties) = preSolution
		HideSolutionNode = FALSE
	EndGlobalSection
	GlobalSection(ExtensibilityGlobals) = postSolution
		SolutionGuid = {0953DE9F-6927-401B-8F94-D07B14263934}
	EndGlobalSection
EndGlobal
